
Microsoft Visual Studio Solution File, Format Version 11.00
# Visual Basic Express 2010
Project("{F184B08F-C81C-45F6-A57F-5ABD9991F28F}") = "FirstFocusOnModels", "FirstFocusOnModels.vbproj", "{32501A0D-26AC-4EE8-9783-2EE4672AF698}"
EndProject
Global
	GlobalSection(SolutionConfigurationPlatforms) = preSolution
		Debug|x86 = Debug|x86
		Release|x86 = Release|x86
	EndGlobalSection
	GlobalSection(ProjectConfigurationPlatforms) = postSolution
		{32501A0D-26AC-4EE8-9783-2EE4672AF698}.Debug|x86.ActiveCfg = Debug|x86
		{32501A0D-26AC-4EE8-9783-2EE4672AF698}.Debug|x86.Build.0 = Debug|x86
		{32501A0D-26AC-4EE8-9783-2EE4672AF698}.Release|x86.ActiveCfg = Release|x86
		{32501A0D-26AC-4EE8-9783-2EE4672AF698}.Release|x86.Build.0 = Release|x86
	EndGlobalSection
	GlobalSection(SolutionProperties) = preSolution
		HideSolutionNode = FALSE
	EndGlobalSection
EndGlobal
